{
  "name": "@vincentai/cli",
  "version": "0.1.2",
  "lockfileVersion": 3,
  "requires": true,
  "packages": {
    "": {
      "name": "@vincentai/cli",
      "version": "0.1.2",
      "license": "ISC",
      "bin": {
        "vincent": "dist/index.js"
      },
      "engines": {
        "node": ">=20.0.0"
      }
    }
  }
}
